
Microsoft Visual Studio Solution File, Format Version 12.00
# Visual Studio Version 16
VisualStudioVersion = 16.0.30711.63
MinimumVisualStudioVersion = 10.0.40219.1
Project("{6EC3EE1D-3C4E-46DD-8F32-0CC8E7565705}") = "FsWasm", "FsWasm\FsWasm.fsproj", "{0F30049B-EC16-43DF-9929-B66C80BE602C}"
EndProject
Project("{6EC3EE1D-3C4E-46DD-8F32-0CC8E7565705}") = "FsWasmLibrary", "FsWasmLibrary\FsWasmLibrary.fsproj", "{47528A77-583D-4A39-B5B0-3F10614C84DF}"
EndProject
Project("{9A19103F-16F7-4668-BE54-9A1E7A4F7556}") = "WasmSerialiser", "WasmSerialiser\WasmSerialiser.csproj", "{115B2A1C-0E2F-43CC-9EE0-1E1BE9DCE19D}"
EndProject
Project("{2150E333-8FDC-42A3-9474-1A3956D46DE8}") = "Solution Items", "Solution Items", "{F2F3B675-9CE0-4AA1-A608-EA27BC47CA01}"
EndProject
Project("{6EC3EE1D-3C4E-46DD-8F32-0CC8E7565705}") = "FsWasmLibraryTests", "XUnitTestProject\FsWasmLibraryTests.fsproj", "{DE708E92-B478-41DA-B937-51006CA77BD2}"
EndProject
Project("{6EC3EE1D-3C4E-46DD-8F32-0CC8E7565705}") = "FsRegisterMachineLibrary", "FsRegisterMachineLibrary\FsRegisterMachineLibrary.fsproj", "{8C246632-F617-4F63-B23C-D960E1609C25}"
EndProject
Project("{6EC3EE1D-3C4E-46DD-8F32-0CC8E7565705}") = "FsRegisterMachineLibraryTests", "FsRegisterMachineLibraryTests\FsRegisterMachineLibraryTests.fsproj", "{DC5649BB-3C14-48CD-ACD1-099827E2A482}"
EndProject
Project("{6EC3EE1D-3C4E-46DD-8F32-0CC8E7565705}") = "SharedTestResources", "SharedTestResources\SharedTestResources.fsproj", "{10AEE677-0B06-406D-B909-6AB1FB7BA9CB}"
EndProject
Project("{F2A71F9B-5D33-465A-A702-920D77279786}") = "ArmSupportLibrary", "ArmSupportLibrary\ArmSupportLibrary.fsproj", "{9C832035-742A-4160-A085-8017B6A6BE0F}"
EndProject
Global
	GlobalSection(SolutionConfigurationPlatforms) = preSolution
		Debug|Any CPU = Debug|Any CPU
		Release|Any CPU = Release|Any CPU
	EndGlobalSection
	GlobalSection(ProjectConfigurationPlatforms) = postSolution
		{0F30049B-EC16-43DF-9929-B66C80BE602C}.Debug|Any CPU.ActiveCfg = Debug|Any CPU
		{0F30049B-EC16-43DF-9929-B66C80BE602C}.Debug|Any CPU.Build.0 = Debug|Any CPU
		{0F30049B-EC16-43DF-9929-B66C80BE602C}.Release|Any CPU.ActiveCfg = Release|Any CPU
		{0F30049B-EC16-43DF-9929-B66C80BE602C}.Release|Any CPU.Build.0 = Release|Any CPU
		{47528A77-583D-4A39-B5B0-3F10614C84DF}.Debug|Any CPU.ActiveCfg = Debug|Any CPU
		{47528A77-583D-4A39-B5B0-3F10614C84DF}.Debug|Any CPU.Build.0 = Debug|Any CPU
		{47528A77-583D-4A39-B5B0-3F10614C84DF}.Release|Any CPU.ActiveCfg = Release|Any CPU
		{47528A77-583D-4A39-B5B0-3F10614C84DF}.Release|Any CPU.Build.0 = Release|Any CPU
		{115B2A1C-0E2F-43CC-9EE0-1E1BE9DCE19D}.Debug|Any CPU.ActiveCfg = Debug|Any CPU
		{115B2A1C-0E2F-43CC-9EE0-1E1BE9DCE19D}.Debug|Any CPU.Build.0 = Debug|Any CPU
		{115B2A1C-0E2F-43CC-9EE0-1E1BE9DCE19D}.Release|Any CPU.ActiveCfg = Release|Any CPU
		{115B2A1C-0E2F-43CC-9EE0-1E1BE9DCE19D}.Release|Any CPU.Build.0 = Release|Any CPU
		{DE708E92-B478-41DA-B937-51006CA77BD2}.Debug|Any CPU.ActiveCfg = Debug|Any CPU
		{DE708E92-B478-41DA-B937-51006CA77BD2}.Debug|Any CPU.Build.0 = Debug|Any CPU
		{DE708E92-B478-41DA-B937-51006CA77BD2}.Release|Any CPU.ActiveCfg = Release|Any CPU
		{DE708E92-B478-41DA-B937-51006CA77BD2}.Release|Any CPU.Build.0 = Release|Any CPU
		{8C246632-F617-4F63-B23C-D960E1609C25}.Debug|Any CPU.ActiveCfg = Debug|Any CPU
		{8C246632-F617-4F63-B23C-D960E1609C25}.Debug|Any CPU.Build.0 = Debug|Any CPU
		{8C246632-F617-4F63-B23C-D960E1609C25}.Release|Any CPU.ActiveCfg = Release|Any CPU
		{8C246632-F617-4F63-B23C-D960E1609C25}.Release|Any CPU.Build.0 = Release|Any CPU
		{DC5649BB-3C14-48CD-ACD1-099827E2A482}.Debug|Any CPU.ActiveCfg = Debug|Any CPU
		{DC5649BB-3C14-48CD-ACD1-099827E2A482}.Debug|Any CPU.Build.0 = Debug|Any CPU
		{DC5649BB-3C14-48CD-ACD1-099827E2A482}.Release|Any CPU.ActiveCfg = Release|Any CPU
		{DC5649BB-3C14-48CD-ACD1-099827E2A482}.Release|Any CPU.Build.0 = Release|Any CPU
		{10AEE677-0B06-406D-B909-6AB1FB7BA9CB}.Debug|Any CPU.ActiveCfg = Debug|Any CPU
		{10AEE677-0B06-406D-B909-6AB1FB7BA9CB}.Debug|Any CPU.Build.0 = Debug|Any CPU
		{10AEE677-0B06-406D-B909-6AB1FB7BA9CB}.Release|Any CPU.ActiveCfg = Release|Any CPU
		{10AEE677-0B06-406D-B909-6AB1FB7BA9CB}.Release|Any CPU.Build.0 = Release|Any CPU
		{9C832035-742A-4160-A085-8017B6A6BE0F}.Debug|Any CPU.ActiveCfg = Debug|Any CPU
		{9C832035-742A-4160-A085-8017B6A6BE0F}.Debug|Any CPU.Build.0 = Debug|Any CPU
		{9C832035-742A-4160-A085-8017B6A6BE0F}.Release|Any CPU.ActiveCfg = Release|Any CPU
		{9C832035-742A-4160-A085-8017B6A6BE0F}.Release|Any CPU.Build.0 = Release|Any CPU
	EndGlobalSection
	GlobalSection(SolutionProperties) = preSolution
		HideSolutionNode = FALSE
	EndGlobalSection
	GlobalSection(ExtensibilityGlobals) = postSolution
		SolutionGuid = {8694D137-E03E-48F2-A3F9-110B080D2489}
	EndGlobalSection
EndGlobal
