
Microsoft Visual Studio Solution File, Format Version 12.00
# Visual Studio Version 16
VisualStudioVersion = 16.0.30711.63
MinimumVisualStudioVersion = 10.0.40219.1
Project("{8BC9CEB8-8B4A-11D0-8D11-00A0C91BC942}") = "RudimentaryHostForX8632", "RudimentaryHostForX8632.vcxproj", "{0DCBE6FD-C486-4EFE-830E-928A52F8DADA}"
EndProject
Global
	GlobalSection(SolutionConfigurationPlatforms) = preSolution
		Debug|x64 = Debug|x64
		Debug|x86 = Debug|x86
		Release|x64 = Release|x64
		Release|x86 = Release|x86
	EndGlobalSection
	GlobalSection(ProjectConfigurationPlatforms) = postSolution
		{0DCBE6FD-C486-4EFE-830E-928A52F8DADA}.Debug|x64.ActiveCfg = Debug|x64
		{0DCBE6FD-C486-4EFE-830E-928A52F8DADA}.Debug|x64.Build.0 = Debug|x64
		{0DCBE6FD-C486-4EFE-830E-928A52F8DADA}.Debug|x86.ActiveCfg = Debug|Win32
		{0DCBE6FD-C486-4EFE-830E-928A52F8DADA}.Debug|x86.Build.0 = Debug|Win32
		{0DCBE6FD-C486-4EFE-830E-928A52F8DADA}.Release|x64.ActiveCfg = Release|x64
		{0DCBE6FD-C486-4EFE-830E-928A52F8DADA}.Release|x64.Build.0 = Release|x64
		{0DCBE6FD-C486-4EFE-830E-928A52F8DADA}.Release|x86.ActiveCfg = Release|Win32
		{0DCBE6FD-C486-4EFE-830E-928A52F8DADA}.Release|x86.Build.0 = Release|Win32
	EndGlobalSection
	GlobalSection(SolutionProperties) = preSolution
		HideSolutionNode = FALSE
	EndGlobalSection
	GlobalSection(ExtensibilityGlobals) = postSolution
		SolutionGuid = {F0219B9F-5831-4E87-B159-CCC7636F66AE}
	EndGlobalSection
EndGlobal
